
Microsoft Visual Studio Solution File, Format Version 12.00
# Visual Studio Version 17
VisualStudioVersion = 17.0.31903.59
MinimumVisualStudioVersion = 10.0.40219.1
Project("{2150E333-8FDC-42A3-9474-1A3956D46DE8}") = "src", "src", "{747E7124-45DC-4253-AE98-8723EBEE6BFF}"
EndProject
Project("{FAE04EC0-301F-11D3-BF4B-00C04F79EFBC}") = "Avalon.Web", "src\Avalon.Web\Avalon.Web.csproj", "{5F8F1FE3-74EA-481C-86F2-9FCD34E12E21}"
EndProject
Global
	GlobalSection(SolutionConfigurationPlatforms) = preSolution
		Debug|Any CPU = Debug|Any CPU
		Release|Any CPU = Release|Any CPU
	EndGlobalSection
	GlobalSection(SolutionProperties) = preSolution
		HideSolutionNode = FALSE
	EndGlobalSection
	GlobalSection(ProjectConfigurationPlatforms) = postSolution
		{5F8F1FE3-74EA-481C-86F2-9FCD34E12E21}.Debug|Any CPU.ActiveCfg = Debug|Any CPU
		{5F8F1FE3-74EA-481C-86F2-9FCD34E12E21}.Debug|Any CPU.Build.0 = Debug|Any CPU
		{5F8F1FE3-74EA-481C-86F2-9FCD34E12E21}.Release|Any CPU.ActiveCfg = Release|Any CPU
		{5F8F1FE3-74EA-481C-86F2-9FCD34E12E21}.Release|Any CPU.Build.0 = Release|Any CPU
	EndGlobalSection
	GlobalSection(NestedProjects) = preSolution
		{5F8F1FE3-74EA-481C-86F2-9FCD34E12E21} = {747E7124-45DC-4253-AE98-8723EBEE6BFF}
	EndGlobalSection
EndGlobal
